// !$*UTF8*$!
{
	archiveVersion = 1;
	classes = {
	};
	objectVersion = 50;
	objects = {

/* Begin PBXBuildFile section */
		63B53E5A26271C2400D650AA /* CounterModel.swift in Sources */ = {isa = PBXBuildFile; fileRef = 63B53E5926271C2400D650AA /* CounterModel.swift */; };
		63BDF2452625C93900435FC0 /* AppDelegate.swift in Sources */ = {isa = PBXBuildFile; fileRef = 63BDF2442625C93900435FC0 /* AppDelegate.swift */; };
		63BDF2472625C93900435FC0 /* SceneDelegate.swift in Sources */ = {isa = PBXBuildFile; fileRef = 63BDF2462625C93900435FC0 /* SceneDelegate.swift */; };
		63BDF2492625C93900435FC0 /* ViewController.swift in Sources */ = {isa = PBXBuildFile; fileRef = 63BDF2482625C93900435FC0 /* ViewController.swift */; };
		63BDF24C2625C93900435FC0 /* Main.storyboard in Resources */ = {isa = PBXBuildFile; fileRef = 63BDF24A2625C93900435FC0 /* Main.storyboard */; };
		63BDF24E2625C93A00435FC0 /* Assets.xcassets in Resources */ = {isa = PBXBuildFile; fileRef = 63BDF24D2625C93A00435FC0 /* Assets.xcassets */; };
		63BDF2512625C93A00435FC0 /* LaunchScreen.storyboard in Resources */ = {isa = PBXBuildFile; fileRef = 63BDF24F2625C93A00435FC0 /* LaunchScreen.storyboard */; };
		63BDF25C2625C93A00435FC0 /* CocoaMVCPracticeTests.swift in Sources */ = {isa = PBXBuildFile; fileRef = 63BDF25B2625C93A00435FC0 /* CocoaMVCPracticeTests.swift */; };
		63BDF2672625C93A00435FC0 /* CocoaMVCPracticeUITests.swift in Sources */ = {isa = PBXBuildFile; fileRef = 63BDF2662625C93A00435FC0 /* CocoaMVCPracticeUITests.swift */; };
/* End PBXBuildFile section */

/* Begin PBXContainerItemProxy section */
		63BDF2582625C93A00435FC0 /* PBXContainerItemProxy */ = {
			isa = PBXContainerItemProxy;
			containerPortal = 63BDF2392625C93900435FC0 /* Project object */;
			proxyType = 1;
			remoteGlobalIDString = 63BDF2402625C93900435FC0;
			remoteInfo = CocoaMVCPractice;
		};
		63BDF2632625C93A00435FC0 /* PBXContainerItemProxy */ = {
			isa = PBXContainerItemProxy;
			containerPortal = 63BDF2392625C93900435FC0 /* Project object */;
			proxyType = 1;
			remoteGlobalIDString = 63BDF2402625C93900435FC0;
			remoteInfo = CocoaMVCPractice;
		};
/* End PBXContainerItemProxy section */

/* Begin PBXFileReference section */
		63B53E5926271C2400D650AA /* CounterModel.swift */ = {isa = PBXFileReference; lastKnownFileType = sourcecode.swift; path = CounterModel.swift; sourceTree = "<group>"; };
		63BDF2412625C93900435FC0 /* CocoaMVCPractice.app */ = {isa = PBXFileReference; explicitFileType = wrapper.application; includeInIndex = 0; path = CocoaMVCPractice.app; sourceTree = BUILT_PRODUCTS_DIR; };
		63BDF2442625C93900435FC0 /* AppDelegate.swift */ = {isa = PBXFileReference; lastKnownFileType = sourcecode.swift; path = AppDelegate.swift; sourceTree = "<group>"; };
		63BDF2462625C93900435FC0 /* SceneDelegate.swift */ = {isa = PBXFileReference; lastKnownFileType = sourcecode.swift; path = SceneDelegate.swift; sourceTree = "<group>"; };
		63BDF2482625C93900435FC0 /* ViewController.swift */ = {isa = PBXFileReference; lastKnownFileType = sourcecode.swift; path = ViewController.swift; sourceTree = "<group>"; };
		63BDF24B2625C93900435FC0 /* Base */ = {isa = PBXFileReference; lastKnownFileType = file.storyboard; name = Base; path = Base.lproj/Main.storyboard; sourceTree = "<group>"; };
		63BDF24D2625C93A00435FC0 /* Assets.xcassets */ = {isa = PBXFileReference; lastKnownFileType = folder.assetcatalog; path = Assets.xcassets; sourceTree = "<group>"; };
		63BDF2502625C93A00435FC0 /* Base */ = {isa = PBXFileReference; lastKnownFileType = file.storyboard; name = Base; path = Base.lproj/LaunchScreen.storyboard; sourceTree = "<group>"; };
		63BDF2522625C93A00435FC0 /* Info.plist */ = {isa = PBXFileReference; lastKnownFileType = text.plist.xml; path = Info.plist; sourceTree = "<group>"; };
		63BDF2572625C93A00435FC0 /* CocoaMVCPracticeTests.xctest */ = {isa = PBXFileReference; explicitFileType = wrapper.cfbundle; includeInIndex = 0; path = CocoaMVCPracticeTests.xctest; sourceTree = BUILT_PRODUCTS_DIR; };
		63BDF25B2625C93A00435FC0 /* CocoaMVCPracticeTests.swift */ = {isa = PBXFileReference; lastKnownFileType = sourcecode.swift; path = CocoaMVCPracticeTests.swift; sourceTree = "<group>"; };
		63BDF25D2625C93A00435FC0 /* Info.plist */ = {isa = PBXFileReference; lastKnownFileType = text.plist.xml; path = Info.plist; sourceTree = "<group>"; };
		63BDF2622625C93A00435FC0 /* CocoaMVCPracticeUITests.xctest */ = {isa = PBXFileReference; explicitFileType = wrapper.cfbundle; includeInIndex = 0; path = CocoaMVCPracticeUITests.xctest; sourceTree = BUILT_PRODUCTS_DIR; };
		63BDF2662625C93A00435FC0 /* CocoaMVCPracticeUITests.swift */ = {isa = PBXFileReference; lastKnownFileType = sourcecode.swift; path = CocoaMVCPracticeUITests.swift; sourceTree = "<group>"; };
		63BDF2682625C93A00435FC0 /* Info.plist */ = {isa = PBXFileReference; lastKnownFileType = text.plist.xml; path = Info.plist; sourceTree = "<group>"; };
/* End PBXFileReference section */

/* Begin PBXFrameworksBuildPhase section */
		63BDF23E2625C93900435FC0 /* Frameworks */ = {
			isa = PBXFrameworksBuildPhase;
			buildActionMask = 2147483647;
			files = (
			);
			runOnlyForDeploymentPostprocessing = 0;
		};
		63BDF2542625C93A00435FC0 /* Frameworks */ = {
			isa = PBXFrameworksBuildPhase;
			buildActionMask = 2147483647;
			files = (
			);
			runOnlyForDeploymentPostprocessing = 0;
		};
		63BDF25F2625C93A00435FC0 /* Frameworks */ = {
			isa = PBXFrameworksBuildPhase;
			buildActionMask = 2147483647;
			files = (
			);
			runOnlyForDeploymentPostprocessing = 0;
		};
/* End PBXFrameworksBuildPhase section */

/* Begin PBXGroup section */
		63BDF2382625C93900435FC0 = {
			isa = PBXGroup;
			children = (
				63BDF2432625C93900435FC0 /* CocoaMVCPractice */,
				63BDF25A2625C93A00435FC0 /* CocoaMVCPracticeTests */,
				63BDF2652625C93A00435FC0 /* CocoaMVCPracticeUITests */,
				63BDF2422625C93900435FC0 /* Products */,
			);
			sourceTree = "<group>";
		};
		63BDF2422625C93900435FC0 /* Products */ = {
			isa = PBXGroup;
			children = (
				63BDF2412625C93900435FC0 /* CocoaMVCPractice.app */,
				63BDF2572625C93A00435FC0 /* CocoaMVCPracticeTests.xctest */,
				63BDF2622625C93A00435FC0 /* CocoaMVCPracticeUITests.xctest */,
			);
			name = Products;
			sourceTree = "<group>";
		};
		63BDF2432625C93900435FC0 /* CocoaMVCPractice */ = {
			isa = PBXGroup;
			children = (
				63BDF2442625C93900435FC0 /* AppDelegate.swift */,
				63BDF2462625C93900435FC0 /* SceneDelegate.swift */,
				63BDF2482625C93900435FC0 /* ViewController.swift */,
				63B53E5926271C2400D650AA /* CounterModel.swift */,
				63BDF24A2625C93900435FC0 /* Main.storyboard */,
				63BDF24D2625C93A00435FC0 /* Assets.xcassets */,
				63BDF24F2625C93A00435FC0 /* LaunchScreen.storyboard */,
				63BDF2522625C93A00435FC0 /* Info.plist */,
			);
			path = CocoaMVCPractice;
			sourceTree = "<group>";
		};
		63BDF25A2625C93A00435FC0 /* CocoaMVCPracticeTests */ = {
			isa = PBXGroup;
			children = (
				63BDF25B2625C93A00435FC0 /* CocoaMVCPracticeTests.swift */,
				63BDF25D2625C93A00435FC0 /* Info.plist */,
			);
			path = CocoaMVCPracticeTests;
			sourceTree = "<group>";
		};
		63BDF2652625C93A00435FC0 /* CocoaMVCPracticeUITests */ = {
			isa = PBXGroup;
			children = (
				63BDF2662625C93A00435FC0 /* CocoaMVCPracticeUITests.swift */,
				63BDF2682625C93A00435FC0 /* Info.plist */,
			);
			path = CocoaMVCPracticeUITests;
			sourceTree = "<group>";
		};
/* End PBXGroup section */

/* Begin PBXNativeTarget section */
		63BDF2402625C93900435FC0 /* CocoaMVCPractice */ = {
			isa = PBXNativeTarget;
			buildConfigurationList = 63BDF26B2625C93A00435FC0 /* Build configuration list for PBXNativeTarget "CocoaMVCPractice" */;
			buildPhases = (
				63BDF23D2625C93900435FC0 /* Sources */,
				63BDF23E2625C93900435FC0 /* Frameworks */,
				63BDF23F2625C93900435FC0 /* Resources */,
			);
			buildRules = (
			);
			dependencies = (
			);
			name = CocoaMVCPractice;
			productName = CocoaMVCPractice;
			productReference = 63BDF2412625C93900435FC0 /* CocoaMVCPractice.app */;
			productType = "com.apple.product-type.application";
		};
		63BDF2562625C93A00435FC0 /* CocoaMVCPracticeTests */ = {
			isa = PBXNativeTarget;
			buildConfigurationList = 63BDF26E2625C93A00435FC0 /* Build configuration list for PBXNativeTarget "CocoaMVCPracticeTests" */;
			buildPhases = (
				63BDF2532625C93A00435FC0 /* Sources */,
				63BDF2542625C93A00435FC0 /* Frameworks */,
				63BDF2552625C93A00435FC0 /* Resources */,
			);
			buildRules = (
			);
			dependencies = (
				63BDF2592625C93A00435FC0 /* PBXTargetDependency */,
			);
			name = CocoaMVCPracticeTests;
			productName = CocoaMVCPracticeTests;
			productReference = 63BDF2572625C93A00435FC0 /* CocoaMVCPracticeTests.xctest */;
			productType = "com.apple.product-type.bundle.unit-test";
		};
		63BDF2612625C93A00435FC0 /* CocoaMVCPracticeUITests */ = {
			isa = PBXNativeTarget;
			buildConfigurationList = 63BDF2712625C93A00435FC0 /* Build configuration list for PBXNativeTarget "CocoaMVCPracticeUITests" */;
			buildPhases = (
				63BDF25E2625C93A00435FC0 /* Sources */,
				63BDF25F2625C93A00435FC0 /* Frameworks */,
				63BDF2602625C93A00435FC0 /* Resources */,
			);
			buildRules = (
			);
			dependencies = (
				63BDF2642625C93A00435FC0 /* PBXTargetDependency */,
			);
			name = CocoaMVCPracticeUITests;
			productName = CocoaMVCPracticeUITests;
			productReference = 63BDF2622625C93A00435FC0 /* CocoaMVCPracticeUITests.xctest */;
			productType = "com.apple.product-type.bundle.ui-testing";
		};
/* End PBXNativeTarget section */

/* Begin PBXProject section */
		63BDF2392625C93900435FC0 /* Project object */ = {
			isa = PBXProject;
			attributes = {
				LastSwiftUpdateCheck = 1240;
				LastUpgradeCheck = 1240;
				TargetAttributes = {
					63BDF2402625C93900435FC0 = {
						CreatedOnToolsVersion = 12.4;
					};
					63BDF2562625C93A00435FC0 = {
						CreatedOnToolsVersion = 12.4;
						TestTargetID = 63BDF2402625C93900435FC0;
					};
					63BDF2612625C93A00435FC0 = {
						CreatedOnToolsVersion = 12.4;
						TestTargetID = 63BDF2402625C93900435FC0;
					};
				};
			};
			buildConfigurationList = 63BDF23C2625C93900435FC0 /* Build configuration list for PBXProject "CocoaMVCPractice" */;
			compatibilityVersion = "Xcode 9.3";
			developmentRegion = en;
			hasScannedForEncodings = 0;
			knownRegions = (
				en,
				Base,
			);
			mainGroup = 63BDF2382625C93900435FC0;
			productRefGroup = 63BDF2422625C93900435FC0 /* Products */;
			projectDirPath = "";
			projectRoot = "";
			targets = (
				63BDF2402625C93900435FC0 /* CocoaMVCPractice */,
				63BDF2562625C93A00435FC0 /* CocoaMVCPracticeTests */,
				63BDF2612625C93A00435FC0 /* CocoaMVCPracticeUITests */,
			);
		};
/* End PBXProject section */

/* Begin PBXResourcesBuildPhase section */
		63BDF23F2625C93900435FC0 /* Resources */ = {
			isa = PBXResourcesBuildPhase;
			buildActionMask = 2147483647;
			files = (
				63BDF2512625C93A00435FC0 /* LaunchScreen.storyboard in Resources */,
				63BDF24E2625C93A00435FC0 /* Assets.xcassets in Resources */,
				63BDF24C2625C93900435FC0 /* Main.storyboard in Resources */,
			);
			runOnlyForDeploymentPostprocessing = 0;
		};
		63BDF2552625C93A00435FC0 /* Resources */ = {
			isa = PBXResourcesBuildPhase;
			buildActionMask = 2147483647;
			files = (
			);
			runOnlyForDeploymentPostprocessing = 0;
		};
		63BDF2602625C93A00435FC0 /* Resources */ = {
			isa = PBXResourcesBuildPhase;
			buildActionMask = 2147483647;
			files = (
			);
			runOnlyForDeploymentPostprocessing = 0;
		};
/* End PBXResourcesBuildPhase section */

/* Begin PBXSourcesBuildPhase section */
		63BDF23D2625C93900435FC0 /* Sources */ = {
			isa = PBXSourcesBuildPhase;
			buildActionMask = 2147483647;
			files = (
				63BDF2492625C93900435FC0 /* ViewController.swift in Sources */,
				63BDF2452625C93900435FC0 /* AppDelegate.swift in Sources */,
				63B53E5A26271C2400D650AA /* CounterModel.swift in Sources */,
				63BDF2472625C93900435FC0 /* SceneDelegate.swift in Sources */,
			);
			runOnlyForDeploymentPostprocessing = 0;
		};
		63BDF2532625C93A00435FC0 /* Sources */ = {
			isa = PBXSourcesBuildPhase;
			buildActionMask = 2147483647;
			files = (
				63BDF25C2625C93A00435FC0 /* CocoaMVCPracticeTests.swift in Sources */,
			);
			runOnlyForDeploymentPostprocessing = 0;
		};
		63BDF25E2625C93A00435FC0 /* Sources */ = {
			isa = PBXSourcesBuildPhase;
			buildActionMask = 2147483647;
			files = (
				63BDF2672625C93A00435FC0 /* CocoaMVCPracticeUITests.swift in Sources */,
			);
			runOnlyForDeploymentPostprocessing = 0;
		};
/* End PBXSourcesBuildPhase section */

/* Begin PBXTargetDependency section */
		63BDF2592625C93A00435FC0 /* PBXTargetDependency */ = {
			isa = PBXTargetDependency;
			target = 63BDF2402625C93900435FC0 /* CocoaMVCPractice */;
			targetProxy = 63BDF2582625C93A00435FC0 /* PBXContainerItemProxy */;
		};
		63BDF2642625C93A00435FC0 /* PBXTargetDependency */ = {
			isa = PBXTargetDependency;
			target = 63BDF2402625C93900435FC0 /* CocoaMVCPractice */;
			targetProxy = 63BDF2632625C93A00435FC0 /* PBXContainerItemProxy */;
		};
/* End PBXTargetDependency section */

/* Begin PBXVariantGroup section */
		63BDF24A2625C93900435FC0 /* Main.storyboard */ = {
			isa = PBXVariantGroup;
			children = (
				63BDF24B2625C93900435FC0 /* Base */,
			);
			name = Main.storyboard;
			sourceTree = "<group>";
		};
		63BDF24F2625C93A00435FC0 /* LaunchScreen.storyboard */ = {
			isa = PBXVariantGroup;
			children = (
				63BDF2502625C93A00435FC0 /* Base */,
			);
			name = LaunchScreen.storyboard;
			sourceTree = "<group>";
		};
/* End PBXVariantGroup section */

/* Begin XCBuildConfiguration section */
		63BDF2692625C93A00435FC0 /* Debug */ = {
			isa = XCBuildConfiguration;
			buildSettings = {
				ALWAYS_SEARCH_USER_PATHS = NO;
				CLANG_ANALYZER_NONNULL = YES;
				CLANG_ANALYZER_NUMBER_OBJECT_CONVERSION = YES_AGGRESSIVE;
				CLANG_CXX_LANGUAGE_STANDARD = "gnu++14";
				CLANG_CXX_LIBRARY = "libc++";
				CLANG_ENABLE_MODULES = YES;
				CLANG_ENABLE_OBJC_ARC = YES;
				CLANG_ENABLE_OBJC_WEAK = YES;
				CLANG_WARN_BLOCK_CAPTURE_AUTORELEASING = YES;
				CLANG_WARN_BOOL_CONVERSION = YES;
				CLANG_WARN_COMMA = YES;
				CLANG_WARN_CONSTANT_CONVERSION = YES;
				CLANG_WARN_DEPRECATED_OBJC_IMPLEMENTATIONS = YES;
				CLANG_WARN_DIRECT_OBJC_ISA_USAGE = YES_ERROR;
				CLANG_WARN_DOCUMENTATION_COMMENTS = YES;
				CLANG_WARN_EMPTY_BODY = YES;
				CLANG_WARN_ENUM_CONVERSION = YES;
				CLANG_WARN_INFINITE_RECURSION = YES;
				CLANG_WARN_INT_CONVERSION = YES;
				CLANG_WARN_NON_LITERAL_NULL_CONVERSION = YES;
				CLANG_WARN_OBJC_IMPLICIT_RETAIN_SELF = YES;
				CLANG_WARN_OBJC_LITERAL_CONVERSION = YES;
				CLANG_WARN_OBJC_ROOT_CLASS = YES_ERROR;
				CLANG_WARN_QUOTED_INCLUDE_IN_FRAMEWORK_HEADER = YES;
				CLANG_WARN_RANGE_LOOP_ANALYSIS = YES;
				CLANG_WARN_STRICT_PROTOTYPES = YES;
				CLANG_WARN_SUSPICIOUS_MOVE = YES;
				CLANG_WARN_UNGUARDED_AVAILABILITY = YES_AGGRESSIVE;
				CLANG_WARN_UNREACHABLE_CODE = YES;
				CLANG_WARN__DUPLICATE_METHOD_MATCH = YES;
				COPY_PHASE_STRIP = NO;
				DEBUG_INFORMATION_FORMAT = dwarf;
				ENABLE_STRICT_OBJC_MSGSEND = YES;
				ENABLE_TESTABILITY = YES;
				GCC_C_LANGUAGE_STANDARD = gnu11;
				GCC_DYNAMIC_NO_PIC = NO;
				GCC_NO_COMMON_BLOCKS = YES;
				GCC_OPTIMIZATION_LEVEL = 0;
				GCC_PREPROCESSOR_DEFINITIONS = (
					"DEBUG=1",
					"$(inherited)",
				);
				GCC_WARN_64_TO_32_BIT_CONVERSION = YES;
				GCC_WARN_ABOUT_RETURN_TYPE = YES_ERROR;
				GCC_WARN_UNDECLARED_SELECTOR = YES;
				GCC_WARN_UNINITIALIZED_AUTOS = YES_AGGRESSIVE;
				GCC_WARN_UNUSED_FUNCTION = YES;
				GCC_WARN_UNUSED_VARIABLE = YES;
				IPHONEOS_DEPLOYMENT_TARGET = 14.4;
				MTL_ENABLE_DEBUG_INFO = INCLUDE_SOURCE;
				MTL_FAST_MATH = YES;
				ONLY_ACTIVE_ARCH = YES;
				SDKROOT = iphoneos;
				SWIFT_ACTIVE_COMPILATION_CONDITIONS = DEBUG;
				SWIFT_OPTIMIZATION_LEVEL = "-Onone";
			};
			name = Debug;
		};
		63BDF26A2625C93A00435FC0 /* Release */ = {
			isa = XCBuildConfiguration;
			buildSettings = {
				ALWAYS_SEARCH_USER_PATHS = NO;
				CLANG_ANALYZER_NONNULL = YES;
				CLANG_ANALYZER_NUMBER_OBJECT_CONVERSION = YES_AGGRESSIVE;
				CLANG_CXX_LANGUAGE_STANDARD = "gnu++14";
				CLANG_CXX_LIBRARY = "libc++";
				CLANG_ENABLE_MODULES = YES;
				CLANG_ENABLE_OBJC_ARC = YES;
				CLANG_ENABLE_OBJC_WEAK = YES;
				CLANG_WARN_BLOCK_CAPTURE_AUTORELEASING = YES;
				CLANG_WARN_BOOL_CONVERSION = YES;
				CLANG_WARN_COMMA = YES;
				CLANG_WARN_CONSTANT_CONVERSION = YES;
				CLANG_WARN_DEPRECATED_OBJC_IMPLEMENTATIONS = YES;
				CLANG_WARN_DIRECT_OBJC_ISA_USAGE = YES_ERROR;
				CLANG_WARN_DOCUMENTATION_COMMENTS = YES;
				CLANG_WARN_EMPTY_BODY = YES;
				CLANG_WARN_ENUM_CONVERSION = YES;
				CLANG_WARN_INFINITE_RECURSION = YES;
				CLANG_WARN_INT_CONVERSION = YES;
				CLANG_WARN_NON_LITERAL_NULL_CONVERSION = YES;
				CLANG_WARN_OBJC_IMPLICIT_RETAIN_SELF = YES;
				CLANG_WARN_OBJC_LITERAL_CONVERSION = YES;
				CLANG_WARN_OBJC_ROOT_CLASS = YES_ERROR;
				CLANG_WARN_QUOTED_INCLUDE_IN_FRAMEWORK_HEADER = YES;
				CLANG_WARN_RANGE_LOOP_ANALYSIS = YES;
				CLANG_WARN_STRICT_PROTOTYPES = YES;
				CLANG_WARN_SUSPICIOUS_MOVE = YES;
				CLANG_WARN_UNGUARDED_AVAILABILITY = YES_AGGRESSIVE;
				CLANG_WARN_UNREACHABLE_CODE = YES;
				CLANG_WARN__DUPLICATE_METHOD_MATCH = YES;
				COPY_PHASE_STRIP = NO;
				DEBUG_INFORMATION_FORMAT = "dwarf-with-dsym";
				ENABLE_NS_ASSERTIONS = NO;
				ENABLE_STRICT_OBJC_MSGSEND = YES;
				GCC_C_LANGUAGE_STANDARD = gnu11;
				GCC_NO_COMMON_BLOCKS = YES;
				GCC_WARN_64_TO_32_BIT_CONVERSION = YES;
				GCC_WARN_ABOUT_RETURN_TYPE = YES_ERROR;
				GCC_WARN_UNDECLARED_SELECTOR = YES;
				GCC_WARN_UNINITIALIZED_AUTOS = YES_AGGRESSIVE;
				GCC_WARN_UNUSED_FUNCTION = YES;
				GCC_WARN_UNUSED_VARIABLE = YES;
				IPHONEOS_DEPLOYMENT_TARGET = 14.4;
				MTL_ENABLE_DEBUG_INFO = NO;
				MTL_FAST_MATH = YES;
				SDKROOT = iphoneos;
				SWIFT_COMPILATION_MODE = wholemodule;
				SWIFT_OPTIMIZATION_LEVEL = "-O";
				VALIDATE_PRODUCT = YES;
			};
			name = Release;
		};
		63BDF26C2625C93A00435FC0 /* Debug */ = {
			isa = XCBuildConfiguration;
			buildSettings = {
				ASSETCATALOG_COMPILER_APPICON_NAME = AppIcon;
				ASSETCATALOG_COMPILER_GLOBAL_ACCENT_COLOR_NAME = AccentColor;
				CODE_SIGN_STYLE = Automatic;
				DEVELOPMENT_TEAM = 6F53DA3D67;
				INFOPLIST_FILE = CocoaMVCPractice/Info.plist;
				LD_RUNPATH_SEARCH_PATHS = (
					"$(inherited)",
					"@executable_path/Frameworks",
				);
				PRODUCT_BUNDLE_IDENTIFIER = AyumuTazawa.CocoaMVCPractice;
				PRODUCT_NAME = "$(TARGET_NAME)";
				SWIFT_VERSION = 5.0;
				TARGETED_DEVICE_FAMILY = "1,2";
			};
			name = Debug;
		};
		63BDF26D2625C93A00435FC0 /* Release */ = {
			isa = XCBuildConfiguration;
			buildSettings = {
				ASSETCATALOG_COMPILER_APPICON_NAME = AppIcon;
				ASSETCATALOG_COMPILER_GLOBAL_ACCENT_COLOR_NAME = AccentColor;
				CODE_SIGN_STYLE = Automatic;
				DEVELOPMENT_TEAM = 6F53DA3D67;
				INFOPLIST_FILE = CocoaMVCPractice/Info.plist;
				LD_RUNPATH_SEARCH_PATHS = (
					"$(inherited)",
					"@executable_path/Frameworks",
				);
				PRODUCT_BUNDLE_IDENTIFIER = AyumuTazawa.CocoaMVCPractice;
				PRODUCT_NAME = "$(TARGET_NAME)";
				SWIFT_VERSION = 5.0;
				TARGETED_DEVICE_FAMILY = "1,2";
			};
			name = Release;
		};
		63BDF26F2625C93A00435FC0 /* Debug */ = {
			isa = XCBuildConfiguration;
			buildSettings = {
				ALWAYS_EMBED_SWIFT_STANDARD_LIBRARIES = YES;
				BUNDLE_LOADER = "$(TEST_HOST)";
				CODE_SIGN_STYLE = Automatic;
				DEVELOPMENT_TEAM = 6F53DA3D67;
				INFOPLIST_FILE = CocoaMVCPracticeTests/Info.plist;
				IPHONEOS_DEPLOYMENT_TARGET = 14.4;
				LD_RUNPATH_SEARCH_PATHS = (
					"$(inherited)",
					"@executable_path/Frameworks",
					"@loader_path/Frameworks",
				);
				PRODUCT_BUNDLE_IDENTIFIER = AyumuTazawa.CocoaMVCPracticeTests;
				PRODUCT_NAME = "$(TARGET_NAME)";
				SWIFT_VERSION = 5.0;
				TARGETED_DEVICE_FAMILY = "1,2";
				TEST_HOST = "$(BUILT_PRODUCTS_DIR)/CocoaMVCPractice.app/CocoaMVCPractice";
			};
			name = Debug;
		};
		63BDF2702625C93A00435FC0 /* Release */ = {
			isa = XCBuildConfiguration;
			buildSettings = {
				ALWAYS_EMBED_SWIFT_STANDARD_LIBRARIES = YES;
				BUNDLE_LOADER = "$(TEST_HOST)";
				CODE_SIGN_STYLE = Automatic;
				DEVELOPMENT_TEAM = 6F53DA3D67;
				INFOPLIST_FILE = CocoaMVCPracticeTests/Info.plist;
				IPHONEOS_DEPLOYMENT_TARGET = 14.4;
				LD_RUNPATH_SEARCH_PATHS = (
					"$(inherited)",
					"@executable_path/Frameworks",
					"@loader_path/Frameworks",
				);
				PRODUCT_BUNDLE_IDENTIFIER = AyumuTazawa.CocoaMVCPracticeTests;
				PRODUCT_NAME = "$(TARGET_NAME)";
				SWIFT_VERSION = 5.0;
				TARGETED_DEVICE_FAMILY = "1,2";
				TEST_HOST = "$(BUILT_PRODUCTS_DIR)/CocoaMVCPractice.app/CocoaMVCPractice";
			};
			name = Release;
		};
		63BDF2722625C93A00435FC0 /* Debug */ = {
			isa = XCBuildConfiguration;
			buildSettings = {
				ALWAYS_EMBED_SWIFT_STANDARD_LIBRARIES = YES;
				CODE_SIGN_STYLE = Automatic;
				DEVELOPMENT_TEAM = 6F53DA3D67;
				INFOPLIST_FILE = CocoaMVCPracticeUITests/Info.plist;
				LD_RUNPATH_SEARCH_PATHS = (
					"$(inherited)",
					"@executable_path/Frameworks",
					"@loader_path/Frameworks",
				);
				PRODUCT_BUNDLE_IDENTIFIER = AyumuTazawa.CocoaMVCPracticeUITests;
				PRODUCT_NAME = "$(TARGET_NAME)";
				SWIFT_VERSION = 5.0;
				TARGETED_DEVICE_FAMILY = "1,2";
				TEST_TARGET_NAME = CocoaMVCPractice;
			};
			name = Debug;
		};
		63BDF2732625C93A00435FC0 /* Release */ = {
			isa = XCBuildConfiguration;
			buildSettings = {
				ALWAYS_EMBED_SWIFT_STANDARD_LIBRARIES = YES;
				CODE_SIGN_STYLE = Automatic;
				DEVELOPMENT_TEAM = 6F53DA3D67;
				INFOPLIST_FILE = CocoaMVCPracticeUITests/Info.plist;
				LD_RUNPATH_SEARCH_PATHS = (
					"$(inherited)",
					"@executable_path/Frameworks",
					"@loader_path/Frameworks",
				);
				PRODUCT_BUNDLE_IDENTIFIER = AyumuTazawa.CocoaMVCPracticeUITests;
				PRODUCT_NAME = "$(TARGET_NAME)";
				SWIFT_VERSION = 5.0;
				TARGETED_DEVICE_FAMILY = "1,2";
				TEST_TARGET_NAME = CocoaMVCPractice;
			};
			name = Release;
		};
/* End XCBuildConfiguration section */

/* Begin XCConfigurationList section */
		63BDF23C2625C93900435FC0 /* Build configuration list for PBXProject "CocoaMVCPractice" */ = {
			isa = XCConfigurationList;
			buildConfigurations = (
				63BDF2692625C93A00435FC0 /* Debug */,
				63BDF26A2625C93A00435FC0 /* Release */,
			);
			defaultConfigurationIsVisible = 0;
			defaultConfigurationName = Release;
		};
		63BDF26B2625C93A00435FC0 /* Build configuration list for PBXNativeTarget "CocoaMVCPractice" */ = {
			isa = XCConfigurationList;
			buildConfigurations = (
				63BDF26C2625C93A00435FC0 /* Debug */,
				63BDF26D2625C93A00435FC0 /* Release */,
			);
			defaultConfigurationIsVisible = 0;
			defaultConfigurationName = Release;
		};
		63BDF26E2625C93A00435FC0 /* Build configuration list for PBXNativeTarget "CocoaMVCPracticeTests" */ = {
			isa = XCConfigurationList;
			buildConfigurations = (
				63BDF26F2625C93A00435FC0 /* Debug */,
				63BDF2702625C93A00435FC0 /* Release */,
			);
			defaultConfigurationIsVisible = 0;
			defaultConfigurationName = Release;
		};
		63BDF2712625C93A00435FC0 /* Build configuration list for PBXNativeTarget "CocoaMVCPracticeUITests" */ = {
			isa = XCConfigurationList;
			buildConfigurations = (
				63BDF2722625C93A00435FC0 /* Debug */,
				63BDF2732625C93A00435FC0 /* Release */,
			);
			defaultConfigurationIsVisible = 0;
			defaultConfigurationName = Release;
		};
/* End XCConfigurationList section */
	};
	rootObject = 63BDF2392625C93900435FC0 /* Project object */;
}
